// !$*UTF8*$!
{
	archiveVersion = 1;
	classes = {
	};
	objectVersion = 46;
	objects = {

/* Begin PBXBuildFile section */
		CC0384F11BEFA98A007DC2DB /* main.cpp in Sources */ = {isa = PBXBuildFile; fileRef = CC0384F01BEFA98A007DC2DB /* main.cpp */; };
		CC0385081BEFAF26007DC2DB /* Graph.cpp in Sources */ = {isa = PBXBuildFile; fileRef = CC0385061BEFAF26007DC2DB /* Graph.cpp */; settings = {ASSET_TAGS = (); }; };
		CCD7C1C71C160FC6004E3E01 /* FordBellman.cpp in Sources */ = {isa = PBXBuildFile; fileRef = CCD7C1C51C160FC6004E3E01 /* FordBellman.cpp */; settings = {ASSET_TAGS = (); }; };
/* End PBXBuildFile section */

/* Begin PBXCopyFilesBuildPhase section */
		CC0384EB1BEFA98A007DC2DB /* CopyFiles */ = {
			isa = PBXCopyFilesBuildPhase;
			buildActionMask = 2147483647;
			dstPath = /usr/share/man/man1/;
			dstSubfolderSpec = 0;
			files = (
			);
			runOnlyForDeploymentPostprocessing = 1;
		};
/* End PBXCopyFilesBuildPhase section */

/* Begin PBXFileReference section */
		CC0384ED1BEFA98A007DC2DB /* GraphsAlgorithms */ = {isa = PBXFileReference; explicitFileType = "compiled.mach-o.executable"; includeInIndex = 0; path = GraphsAlgorithms; sourceTree = BUILT_PRODUCTS_DIR; };
		CC0384F01BEFA98A007DC2DB /* main.cpp */ = {isa = PBXFileReference; lastKnownFileType = sourcecode.cpp.cpp; path = main.cpp; sourceTree = "<group>"; };
		CC0385061BEFAF26007DC2DB /* Graph.cpp */ = {isa = PBXFileReference; fileEncoding = 4; lastKnownFileType = sourcecode.cpp.cpp; path = Graph.cpp; sourceTree = "<group>"; };
		CC0385071BEFAF26007DC2DB /* Graph.hpp */ = {isa = PBXFileReference; fileEncoding = 4; lastKnownFileType = sourcecode.cpp.h; path = Graph.hpp; sourceTree = "<group>"; };
		CCD7C1C51C160FC6004E3E01 /* FordBellman.cpp */ = {isa = PBXFileReference; fileEncoding = 4; lastKnownFileType = sourcecode.cpp.cpp; path = FordBellman.cpp; sourceTree = "<group>"; };
		CCD7C1C61C160FC6004E3E01 /* FordBellman.hpp */ = {isa = PBXFileReference; fileEncoding = 4; lastKnownFileType = sourcecode.cpp.h; path = FordBellman.hpp; sourceTree = "<group>"; };
		CCF00A5C1C07AE8600AFD19A /* Dijkstra.cpp */ = {isa = PBXFileReference; lastKnownFileType = sourcecode.cpp.cpp; path = Dijkstra.cpp; sourceTree = "<group>"; };
		CCF00A5D1C07AE8600AFD19A /* Dijkstra.hpp */ = {isa = PBXFileReference; lastKnownFileType = sourcecode.cpp.h; path = Dijkstra.hpp; sourceTree = "<group>"; };
		CCF00A5E1C07AE8600AFD19A /* Search.h */ = {isa = PBXFileReference; lastKnownFileType = sourcecode.c.h; path = Search.h; sourceTree = "<group>"; };
		CCF00A5F1C07AE8600AFD19A /* WidthFastSearch.cpp */ = {isa = PBXFileReference; lastKnownFileType = sourcecode.cpp.cpp; path = WidthFastSearch.cpp; sourceTree = "<group>"; };
		CCF00A601C07AE8600AFD19A /* WidthFastSearch.hpp */ = {isa = PBXFileReference; lastKnownFileType = sourcecode.cpp.h; path = WidthFastSearch.hpp; sourceTree = "<group>"; };
		CCF84DEF1C0666040054D30A /* Definitions.h */ = {isa = PBXFileReference; lastKnownFileType = sourcecode.c.h; path = Definitions.h; sourceTree = "<group>"; };
/* End PBXFileReference section */

/* Begin PBXFrameworksBuildPhase section */
		CC0384EA1BEFA98A007DC2DB /* Frameworks */ = {
			isa = PBXFrameworksBuildPhase;
			buildActionMask = 2147483647;
			files = (
			);
			runOnlyForDeploymentPostprocessing = 0;
		};
/* End PBXFrameworksBuildPhase section */

/* Begin PBXGroup section */
		CC0384E41BEFA98A007DC2DB = {
			isa = PBXGroup;
			children = (
				CC0384EF1BEFA98A007DC2DB /* GraphsAlgorithms */,
				CC0384EE1BEFA98A007DC2DB /* Products */,
			);
			sourceTree = "<group>";
		};
		CC0384EE1BEFA98A007DC2DB /* Products */ = {
			isa = PBXGroup;
			children = (
				CC0384ED1BEFA98A007DC2DB /* GraphsAlgorithms */,
			);
			name = Products;
			sourceTree = "<group>";
		};
		CC0384EF1BEFA98A007DC2DB /* GraphsAlgorithms */ = {
			isa = PBXGroup;
			children = (
				CCF00A5B1C07AE8600AFD19A /* Searches */,
				CC0384F01BEFA98A007DC2DB /* main.cpp */,
				CCF84DEF1C0666040054D30A /* Definitions.h */,
				CC0385071BEFAF26007DC2DB /* Graph.hpp */,
				CC0385061BEFAF26007DC2DB /* Graph.cpp */,
			);
			path = GraphsAlgorithms;
			sourceTree = "<group>";
		};
		CCF00A5B1C07AE8600AFD19A /* Searches */ = {
			isa = PBXGroup;
			children = (
				CCF00A5E1C07AE8600AFD19A /* Search.h */,
				CCF00A5C1C07AE8600AFD19A /* Dijkstra.cpp */,
				CCF00A5D1C07AE8600AFD19A /* Dijkstra.hpp */,
				CCF00A5F1C07AE8600AFD19A /* WidthFastSearch.cpp */,
				CCF00A601C07AE8600AFD19A /* WidthFastSearch.hpp */,
				CCD7C1C51C160FC6004E3E01 /* FordBellman.cpp */,
				CCD7C1C61C160FC6004E3E01 /* FordBellman.hpp */,
			);
			path = Searches;
			sourceTree = "<group>";
		};
/* End PBXGroup section */

/* Begin PBXNativeTarget section */
		CC0384EC1BEFA98A007DC2DB /* GraphsAlgorithms */ = {
			isa = PBXNativeTarget;
			buildConfigurationList = CC0384F41BEFA98A007DC2DB /* Build configuration list for PBXNativeTarget "GraphsAlgorithms" */;
			buildPhases = (
				CC0384E91BEFA98A007DC2DB /* Sources */,
				CC0384EA1BEFA98A007DC2DB /* Frameworks */,
				CC0384EB1BEFA98A007DC2DB /* CopyFiles */,
			);
			buildRules = (
			);
			dependencies = (
			);
			name = GraphsAlgorithms;
			productName = GraphsAlgorithms;
			productReference = CC0384ED1BEFA98A007DC2DB /* GraphsAlgorithms */;
			productType = "com.apple.product-type.tool";
		};
/* End PBXNativeTarget section */

/* Begin PBXProject section */
		CC0384E51BEFA98A007DC2DB /* Project object */ = {
			isa = PBXProject;
			attributes = {
				LastUpgradeCheck = 0700;
				ORGANIZATIONNAME = "Eugene Marchukevich";
				TargetAttributes = {
					CC0384EC1BEFA98A007DC2DB = {
						CreatedOnToolsVersion = 7.0.1;
					};
				};
			};
			buildConfigurationList = CC0384E81BEFA98A007DC2DB /* Build configuration list for PBXProject "GraphsAlgorithms" */;
			compatibilityVersion = "Xcode 3.2";
			developmentRegion = English;
			hasScannedForEncodings = 0;
			knownRegions = (
				en,
			);
			mainGroup = CC0384E41BEFA98A007DC2DB;
			productRefGroup = CC0384EE1BEFA98A007DC2DB /* Products */;
			projectDirPath = "";
			projectRoot = "";
			targets = (
				CC0384EC1BEFA98A007DC2DB /* GraphsAlgorithms */,
			);
		};
/* End PBXProject section */

/* Begin PBXSourcesBuildPhase section */
		CC0384E91BEFA98A007DC2DB /* Sources */ = {
			isa = PBXSourcesBuildPhase;
			buildActionMask = 2147483647;
			files = (
				CC0384F11BEFA98A007DC2DB /* main.cpp in Sources */,
				CC0385081BEFAF26007DC2DB /* Graph.cpp in Sources */,
				CCD7C1C71C160FC6004E3E01 /* FordBellman.cpp in Sources */,
			);
			runOnlyForDeploymentPostprocessing = 0;
		};
/* End PBXSourcesBuildPhase section */

/* Begin XCBuildConfiguration section */
		CC0384F21BEFA98A007DC2DB /* Debug */ = {
			isa = XCBuildConfiguration;
			buildSettings = {
				ALWAYS_SEARCH_USER_PATHS = NO;
				CLANG_CXX_LANGUAGE_STANDARD = "gnu++0x";
				CLANG_CXX_LIBRARY = "libc++";
				CLANG_ENABLE_MODULES = YES;
				CLANG_ENABLE_OBJC_ARC = YES;
				CLANG_WARN_BOOL_CONVERSION = YES;
				CLANG_WARN_CONSTANT_CONVERSION = YES;
				CLANG_WARN_DIRECT_OBJC_ISA_USAGE = YES_ERROR;
				CLANG_WARN_EMPTY_BODY = YES;
				CLANG_WARN_ENUM_CONVERSION = YES;
				CLANG_WARN_INT_CONVERSION = YES;
				CLANG_WARN_OBJC_ROOT_CLASS = YES_ERROR;
				CLANG_WARN_UNREACHABLE_CODE = YES;
				CLANG_WARN__DUPLICATE_METHOD_MATCH = YES;
				COPY_PHASE_STRIP = NO;
				DEBUG_INFORMATION_FORMAT = dwarf;
				ENABLE_STRICT_OBJC_MSGSEND = YES;
				ENABLE_TESTABILITY = YES;
				GCC_C_LANGUAGE_STANDARD = gnu99;
				GCC_DYNAMIC_NO_PIC = NO;
				GCC_NO_COMMON_BLOCKS = YES;
				GCC_OPTIMIZATION_LEVEL = 0;
				GCC_PREPROCESSOR_DEFINITIONS = (
					"DEBUG=1",
					"$(inherited)",
				);
				GCC_WARN_64_TO_32_BIT_CONVERSION = YES;
				GCC_WARN_ABOUT_RETURN_TYPE = YES_ERROR;
				GCC_WARN_UNDECLARED_SELECTOR = YES;
				GCC_WARN_UNINITIALIZED_AUTOS = YES_AGGRESSIVE;
				GCC_WARN_UNUSED_FUNCTION = YES;
				GCC_WARN_UNUSED_VARIABLE = YES;
				MACOSX_DEPLOYMENT_TARGET = 10.10;
				MTL_ENABLE_DEBUG_INFO = YES;
				ONLY_ACTIVE_ARCH = YES;
				SDKROOT = macosx;
			};
			name = Debug;
		};
		CC0384F31BEFA98A007DC2DB /* Release */ = {
			isa = XCBuildConfiguration;
			buildSettings = {
				ALWAYS_SEARCH_USER_PATHS = NO;
				CLANG_CXX_LANGUAGE_STANDARD = "gnu++0x";
				CLANG_CXX_LIBRARY = "libc++";
				CLANG_ENABLE_MODULES = YES;
				CLANG_ENABLE_OBJC_ARC = YES;
				CLANG_WARN_BOOL_CONVERSION = YES;
				CLANG_WARN_CONSTANT_CONVERSION = YES;
				CLANG_WARN_DIRECT_OBJC_ISA_USAGE = YES_ERROR;
				CLANG_WARN_EMPTY_BODY = YES;
				CLANG_WARN_ENUM_CONVERSION = YES;
				CLANG_WARN_INT_CONVERSION = YES;
				CLANG_WARN_OBJC_ROOT_CLASS = YES_ERROR;
				CLANG_WARN_UNREACHABLE_CODE = YES;
				CLANG_WARN__DUPLICATE_METHOD_MATCH = YES;
				COPY_PHASE_STRIP = NO;
				DEBUG_INFORMATION_FORMAT = "dwarf-with-dsym";
				ENABLE_NS_ASSERTIONS = NO;
				ENABLE_STRICT_OBJC_MSGSEND = YES;
				GCC_C_LANGUAGE_STANDARD = gnu99;
				GCC_NO_COMMON_BLOCKS = YES;
				GCC_WARN_64_TO_32_BIT_CONVERSION = YES;
				GCC_WARN_ABOUT_RETURN_TYPE = YES_ERROR;
				GCC_WARN_UNDECLARED_SELECTOR = YES;
				GCC_WARN_UNINITIALIZED_AUTOS = YES_AGGRESSIVE;
				GCC_WARN_UNUSED_FUNCTION = YES;
				GCC_WARN_UNUSED_VARIABLE = YES;
				MACOSX_DEPLOYMENT_TARGET = 10.10;
				MTL_ENABLE_DEBUG_INFO = NO;
				SDKROOT = macosx;
			};
			name = Release;
		};
		CC0384F51BEFA98A007DC2DB /* Debug */ = {
			isa = XCBuildConfiguration;
			buildSettings = {
				PRODUCT_NAME = "$(TARGET_NAME)";
			};
			name = Debug;
		};
		CC0384F61BEFA98A007DC2DB /* Release */ = {
			isa = XCBuildConfiguration;
			buildSettings = {
				PRODUCT_NAME = "$(TARGET_NAME)";
			};
			name = Release;
		};
/* End XCBuildConfiguration section */

/* Begin XCConfigurationList section */
		CC0384E81BEFA98A007DC2DB /* Build configuration list for PBXProject "GraphsAlgorithms" */ = {
			isa = XCConfigurationList;
			buildConfigurations = (
				CC0384F21BEFA98A007DC2DB /* Debug */,
				CC0384F31BEFA98A007DC2DB /* Release */,
			);
			defaultConfigurationIsVisible = 0;
			defaultConfigurationName = Release;
		};
		CC0384F41BEFA98A007DC2DB /* Build configuration list for PBXNativeTarget "GraphsAlgorithms" */ = {
			isa = XCConfigurationList;
			buildConfigurations = (
				CC0384F51BEFA98A007DC2DB /* Debug */,
				CC0384F61BEFA98A007DC2DB /* Release */,
			);
			defaultConfigurationIsVisible = 0;
			defaultConfigurationName = Release;
		};
/* End XCConfigurationList section */
	};
	rootObject = CC0384E51BEFA98A007DC2DB /* Project object */;
}
